
Microsoft Visual Studio Solution File, Format Version 12.00
# Visual Studio Version 16
VisualStudioVersion = 16.0.29613.14
MinimumVisualStudioVersion = 10.0.40219.1
Project("{9A19103F-16F7-4668-BE54-9A1E7A4F7556}") = "AthrillAccount.Project", "AthrillAccount.Project\AthrillAccount.Project.csproj", "{34EF95CF-FA36-4C48-8AC7-9FE178A5AFFB}"
EndProject
Project("{2150E333-8FDC-42A3-9474-1A3956D46DE8}") = "AT.Libraries", "AT.Libraries", "{EADB058B-210B-4966-97B2-1A1C7B899BD9}"
EndProject
Project("{2150E333-8FDC-42A3-9474-1A3956D46DE8}") = "AT.External", "AT.External", "{EBE3311B-F4D8-4A94-9A15-5FCEA534CB6E}"
EndProject
Project("{9A19103F-16F7-4668-BE54-9A1E7A4F7556}") = "AT.Common", "Libraries\Common\AT.Common.csproj", "{6E6DE149-3C43-4D79-BECE-CEB57EA77F00}"
EndProject
Project("{9A19103F-16F7-4668-BE54-9A1E7A4F7556}") = "AT.Common.Api", "Libraries\Common.Api\AT.Common.Api.csproj", "{69F04CA4-BE23-4E0D-A227-7F32AFF3A598}"
EndProject
Project("{9A19103F-16F7-4668-BE54-9A1E7A4F7556}") = "AT.Data", "Libraries\Data\AT.Data.csproj", "{71C31304-29C5-4EF2-B44F-8300C4569A03}"
EndProject
Project("{9A19103F-16F7-4668-BE54-9A1E7A4F7556}") = "AT.Entity", "Libraries\Entity\AT.Entity.csproj", "{522772D5-8CA1-4CA1-AD5E-4AE96C5684C2}"
EndProject
Project("{9A19103F-16F7-4668-BE54-9A1E7A4F7556}") = "AT.Model", "Libraries\Model\AT.Model.csproj", "{06316139-C7D7-41F1-8A7F-F0A4F75719D0}"
EndProject
Project("{9A19103F-16F7-4668-BE54-9A1E7A4F7556}") = "AT.Service", "Libraries\Service\AT.Service.csproj", "{6EFFA83B-4AAA-40A5-8CC5-B60A2D196ABC}"
EndProject
Project("{9A19103F-16F7-4668-BE54-9A1E7A4F7556}") = "AT.DbUp", "External\DbUp\AT.DbUp.csproj", "{CD20C70A-9DF8-49AA-BA53-F04C9BE418D7}"
EndProject
Global
	GlobalSection(SolutionConfigurationPlatforms) = preSolution
		Debug|Any CPU = Debug|Any CPU
		Release|Any CPU = Release|Any CPU
	EndGlobalSection
	GlobalSection(ProjectConfigurationPlatforms) = postSolution
		{34EF95CF-FA36-4C48-8AC7-9FE178A5AFFB}.Debug|Any CPU.ActiveCfg = Debug|Any CPU
		{34EF95CF-FA36-4C48-8AC7-9FE178A5AFFB}.Debug|Any CPU.Build.0 = Debug|Any CPU
		{34EF95CF-FA36-4C48-8AC7-9FE178A5AFFB}.Release|Any CPU.ActiveCfg = Release|Any CPU
		{34EF95CF-FA36-4C48-8AC7-9FE178A5AFFB}.Release|Any CPU.Build.0 = Release|Any CPU
		{6E6DE149-3C43-4D79-BECE-CEB57EA77F00}.Debug|Any CPU.ActiveCfg = Debug|Any CPU
		{6E6DE149-3C43-4D79-BECE-CEB57EA77F00}.Debug|Any CPU.Build.0 = Debug|Any CPU
		{6E6DE149-3C43-4D79-BECE-CEB57EA77F00}.Release|Any CPU.ActiveCfg = Release|Any CPU
		{6E6DE149-3C43-4D79-BECE-CEB57EA77F00}.Release|Any CPU.Build.0 = Release|Any CPU
		{69F04CA4-BE23-4E0D-A227-7F32AFF3A598}.Debug|Any CPU.ActiveCfg = Debug|Any CPU
		{69F04CA4-BE23-4E0D-A227-7F32AFF3A598}.Debug|Any CPU.Build.0 = Debug|Any CPU
		{69F04CA4-BE23-4E0D-A227-7F32AFF3A598}.Release|Any CPU.ActiveCfg = Release|Any CPU
		{69F04CA4-BE23-4E0D-A227-7F32AFF3A598}.Release|Any CPU.Build.0 = Release|Any CPU
		{71C31304-29C5-4EF2-B44F-8300C4569A03}.Debug|Any CPU.ActiveCfg = Debug|Any CPU
		{71C31304-29C5-4EF2-B44F-8300C4569A03}.Debug|Any CPU.Build.0 = Debug|Any CPU
		{71C31304-29C5-4EF2-B44F-8300C4569A03}.Release|Any CPU.ActiveCfg = Release|Any CPU
		{71C31304-29C5-4EF2-B44F-8300C4569A03}.Release|Any CPU.Build.0 = Release|Any CPU
		{522772D5-8CA1-4CA1-AD5E-4AE96C5684C2}.Debug|Any CPU.ActiveCfg = Debug|Any CPU
		{522772D5-8CA1-4CA1-AD5E-4AE96C5684C2}.Debug|Any CPU.Build.0 = Debug|Any CPU
		{522772D5-8CA1-4CA1-AD5E-4AE96C5684C2}.Release|Any CPU.ActiveCfg = Release|Any CPU
		{522772D5-8CA1-4CA1-AD5E-4AE96C5684C2}.Release|Any CPU.Build.0 = Release|Any CPU
		{06316139-C7D7-41F1-8A7F-F0A4F75719D0}.Debug|Any CPU.ActiveCfg = Debug|Any CPU
		{06316139-C7D7-41F1-8A7F-F0A4F75719D0}.Debug|Any CPU.Build.0 = Debug|Any CPU
		{06316139-C7D7-41F1-8A7F-F0A4F75719D0}.Release|Any CPU.ActiveCfg = Release|Any CPU
		{06316139-C7D7-41F1-8A7F-F0A4F75719D0}.Release|Any CPU.Build.0 = Release|Any CPU
		{6EFFA83B-4AAA-40A5-8CC5-B60A2D196ABC}.Debug|Any CPU.ActiveCfg = Debug|Any CPU
		{6EFFA83B-4AAA-40A5-8CC5-B60A2D196ABC}.Debug|Any CPU.Build.0 = Debug|Any CPU
		{6EFFA83B-4AAA-40A5-8CC5-B60A2D196ABC}.Release|Any CPU.ActiveCfg = Release|Any CPU
		{6EFFA83B-4AAA-40A5-8CC5-B60A2D196ABC}.Release|Any CPU.Build.0 = Release|Any CPU
		{CD20C70A-9DF8-49AA-BA53-F04C9BE418D7}.Debug|Any CPU.ActiveCfg = Debug|Any CPU
		{CD20C70A-9DF8-49AA-BA53-F04C9BE418D7}.Debug|Any CPU.Build.0 = Debug|Any CPU
		{CD20C70A-9DF8-49AA-BA53-F04C9BE418D7}.Release|Any CPU.ActiveCfg = Release|Any CPU
		{CD20C70A-9DF8-49AA-BA53-F04C9BE418D7}.Release|Any CPU.Build.0 = Release|Any CPU
	EndGlobalSection
	GlobalSection(SolutionProperties) = preSolution
		HideSolutionNode = FALSE
	EndGlobalSection
	GlobalSection(NestedProjects) = preSolution
		{6E6DE149-3C43-4D79-BECE-CEB57EA77F00} = {EADB058B-210B-4966-97B2-1A1C7B899BD9}
		{69F04CA4-BE23-4E0D-A227-7F32AFF3A598} = {EADB058B-210B-4966-97B2-1A1C7B899BD9}
		{71C31304-29C5-4EF2-B44F-8300C4569A03} = {EADB058B-210B-4966-97B2-1A1C7B899BD9}
		{522772D5-8CA1-4CA1-AD5E-4AE96C5684C2} = {EADB058B-210B-4966-97B2-1A1C7B899BD9}
		{06316139-C7D7-41F1-8A7F-F0A4F75719D0} = {EADB058B-210B-4966-97B2-1A1C7B899BD9}
		{6EFFA83B-4AAA-40A5-8CC5-B60A2D196ABC} = {EADB058B-210B-4966-97B2-1A1C7B899BD9}
		{CD20C70A-9DF8-49AA-BA53-F04C9BE418D7} = {EBE3311B-F4D8-4A94-9A15-5FCEA534CB6E}
	EndGlobalSection
	GlobalSection(ExtensibilityGlobals) = postSolution
		SolutionGuid = {CEB52389-5DFF-4558-9080-3CDA0E9B09DE}
	EndGlobalSection
EndGlobal
